<?xml version="1.0" encoding="utf-8"?>
<Project ToolsVersion="16.0" xmlns="http://schemas.microsoft.com/developer/msbuild/2003">
  <ItemGroup>
    <CustomBuild Include="D:\remotes\github\xsd-binary\build_test\CMakeFiles\1828be30391824231caaab854d05d283\INSTALL_force.rule">
      <Filter>CMake Rules</Filter>
    </CustomBuild>
  </ItemGroup>
  <ItemGroup>
    <Filter Include="CMake Rules">
      <UniqueIdentifier>{516AD777-1151-3CDC-BED0-04C39EAF04AD}</UniqueIdentifier>
    </Filter>
  </ItemGroup>
</Project>
